// !$*UTF8*$!
{
	archiveVersion = 1;
	classes = {
	};
	objectVersion = 46;
	objects = {

/* Begin PBXBuildFile section */
		7B5FE3AF1DA590DD00EAE150 /* main.m in Sources */ = {isa = PBXBuildFile; fileRef = 7B5FE3AE1DA590DD00EAE150 /* main.m */; };
		7B5FE3B21DA590DD00EAE150 /* AppDelegate.m in Sources */ = {isa = PBXBuildFile; fileRef = 7B5FE3B11DA590DD00EAE150 /* AppDelegate.m */; };
		7B5FE3B81DA590DD00EAE150 /* Main.storyboard in Resources */ = {isa = PBXBuildFile; fileRef = 7B5FE3B61DA590DD00EAE150 /* Main.storyboard */; };
		7B5FE3BA1DA590DD00EAE150 /* Assets.xcassets in Resources */ = {isa = PBXBuildFile; fileRef = 7B5FE3B91DA590DD00EAE150 /* Assets.xcassets */; };
		7B5FE3BD1DA590DD00EAE150 /* LaunchScreen.storyboard in Resources */ = {isa = PBXBuildFile; fileRef = 7B5FE3BB1DA590DD00EAE150 /* LaunchScreen.storyboard */; };
		7B5FE3C81DA590DD00EAE150 /* FlickrClientTests.m in Sources */ = {isa = PBXBuildFile; fileRef = 7B5FE3C71DA590DD00EAE150 /* FlickrClientTests.m */; };
		7B5FE3D31DA590DD00EAE150 /* FlickrClientUITests.m in Sources */ = {isa = PBXBuildFile; fileRef = 7B5FE3D21DA590DD00EAE150 /* FlickrClientUITests.m */; };
		7B5FE3F71DA6E8C500EAE150 /* CustomCell.m in Sources */ = {isa = PBXBuildFile; fileRef = 7B5FE3F61DA6E8C500EAE150 /* CustomCell.m */; };
		7B5FE3F81DA6E8C500EAE150 /* CustomCell.m in Sources */ = {isa = PBXBuildFile; fileRef = 7B5FE3F61DA6E8C500EAE150 /* CustomCell.m */; };
		7B5FE3F91DA6E8C500EAE150 /* CustomCell.m in Sources */ = {isa = PBXBuildFile; fileRef = 7B5FE3F61DA6E8C500EAE150 /* CustomCell.m */; };
		7B5FE3FC1DA712AB00EAE150 /* Content.m in Sources */ = {isa = PBXBuildFile; fileRef = 7B5FE3FB1DA712AB00EAE150 /* Content.m */; };
		7B5FE3FD1DA712AB00EAE150 /* Content.m in Sources */ = {isa = PBXBuildFile; fileRef = 7B5FE3FB1DA712AB00EAE150 /* Content.m */; };
		7B5FE3FE1DA712AB00EAE150 /* Content.m in Sources */ = {isa = PBXBuildFile; fileRef = 7B5FE3FB1DA712AB00EAE150 /* Content.m */; };
		7B5FE4061DA7958600EAE150 /* CustomReusableView.m in Sources */ = {isa = PBXBuildFile; fileRef = 7B5FE4051DA7958600EAE150 /* CustomReusableView.m */; };
		7B5FE4071DA7958600EAE150 /* CustomReusableView.m in Sources */ = {isa = PBXBuildFile; fileRef = 7B5FE4051DA7958600EAE150 /* CustomReusableView.m */; };
		7B5FE4081DA7958600EAE150 /* CustomReusableView.m in Sources */ = {isa = PBXBuildFile; fileRef = 7B5FE4051DA7958600EAE150 /* CustomReusableView.m */; };
		7B765D531DA8116B004CB149 /* DetailViewController.m in Sources */ = {isa = PBXBuildFile; fileRef = 7B765D521DA8116B004CB149 /* DetailViewController.m */; };
		7B765D541DA8116B004CB149 /* DetailViewController.m in Sources */ = {isa = PBXBuildFile; fileRef = 7B765D521DA8116B004CB149 /* DetailViewController.m */; };
		7B765D551DA8116B004CB149 /* DetailViewController.m in Sources */ = {isa = PBXBuildFile; fileRef = 7B765D521DA8116B004CB149 /* DetailViewController.m */; };
		7BBEFB871DA9A308006D1C1C /* LFHTTPRequest.m in Sources */ = {isa = PBXBuildFile; fileRef = 7BBEFB7B1DA9A308006D1C1C /* LFHTTPRequest.m */; settings = {COMPILER_FLAGS = "-fno-objc-arc"; }; };
		7BBEFB881DA9A308006D1C1C /* LFHTTPRequest.m in Sources */ = {isa = PBXBuildFile; fileRef = 7BBEFB7B1DA9A308006D1C1C /* LFHTTPRequest.m */; };
		7BBEFB891DA9A308006D1C1C /* LFHTTPRequest.m in Sources */ = {isa = PBXBuildFile; fileRef = 7BBEFB7B1DA9A308006D1C1C /* LFHTTPRequest.m */; };
		7BBEFB8A1DA9A308006D1C1C /* LFSiteReachability.m in Sources */ = {isa = PBXBuildFile; fileRef = 7BBEFB7D1DA9A308006D1C1C /* LFSiteReachability.m */; settings = {COMPILER_FLAGS = "-fno-objc-arc"; }; };
		7BBEFB8B1DA9A308006D1C1C /* LFSiteReachability.m in Sources */ = {isa = PBXBuildFile; fileRef = 7BBEFB7D1DA9A308006D1C1C /* LFSiteReachability.m */; };
		7BBEFB8C1DA9A308006D1C1C /* LFSiteReachability.m in Sources */ = {isa = PBXBuildFile; fileRef = 7BBEFB7D1DA9A308006D1C1C /* LFSiteReachability.m */; };
		7BBEFB8D1DA9A308006D1C1C /* NSData+LFHTTPFormExtensions.m in Sources */ = {isa = PBXBuildFile; fileRef = 7BBEFB801DA9A308006D1C1C /* NSData+LFHTTPFormExtensions.m */; settings = {COMPILER_FLAGS = "-fno-objc-arc"; }; };
		7BBEFB8E1DA9A308006D1C1C /* NSData+LFHTTPFormExtensions.m in Sources */ = {isa = PBXBuildFile; fileRef = 7BBEFB801DA9A308006D1C1C /* NSData+LFHTTPFormExtensions.m */; };
		7BBEFB8F1DA9A308006D1C1C /* NSData+LFHTTPFormExtensions.m in Sources */ = {isa = PBXBuildFile; fileRef = 7BBEFB801DA9A308006D1C1C /* NSData+LFHTTPFormExtensions.m */; };
		7BBEFB901DA9A308006D1C1C /* ObjectiveFlickr.m in Sources */ = {isa = PBXBuildFile; fileRef = 7BBEFB821DA9A308006D1C1C /* ObjectiveFlickr.m */; settings = {COMPILER_FLAGS = "-fno-objc-arc"; }; };
		7BBEFB911DA9A308006D1C1C /* ObjectiveFlickr.m in Sources */ = {isa = PBXBuildFile; fileRef = 7BBEFB821DA9A308006D1C1C /* ObjectiveFlickr.m */; };
		7BBEFB921DA9A308006D1C1C /* ObjectiveFlickr.m in Sources */ = {isa = PBXBuildFile; fileRef = 7BBEFB821DA9A308006D1C1C /* ObjectiveFlickr.m */; };
		7BBEFB931DA9A308006D1C1C /* OFUtilities.m in Sources */ = {isa = PBXBuildFile; fileRef = 7BBEFB841DA9A308006D1C1C /* OFUtilities.m */; settings = {COMPILER_FLAGS = "-fno-objc-arc"; }; };
		7BBEFB941DA9A308006D1C1C /* OFUtilities.m in Sources */ = {isa = PBXBuildFile; fileRef = 7BBEFB841DA9A308006D1C1C /* OFUtilities.m */; };
		7BBEFB951DA9A308006D1C1C /* OFUtilities.m in Sources */ = {isa = PBXBuildFile; fileRef = 7BBEFB841DA9A308006D1C1C /* OFUtilities.m */; };
		7BBEFB961DA9A308006D1C1C /* OFXMLMapper.m in Sources */ = {isa = PBXBuildFile; fileRef = 7BBEFB861DA9A308006D1C1C /* OFXMLMapper.m */; settings = {COMPILER_FLAGS = "-fno-objc-arc"; }; };
		7BBEFB971DA9A308006D1C1C /* OFXMLMapper.m in Sources */ = {isa = PBXBuildFile; fileRef = 7BBEFB861DA9A308006D1C1C /* OFXMLMapper.m */; };
		7BBEFB981DA9A308006D1C1C /* OFXMLMapper.m in Sources */ = {isa = PBXBuildFile; fileRef = 7BBEFB861DA9A308006D1C1C /* OFXMLMapper.m */; };
		7BC874A31DABE7A7000226B1 /* CollectionViewController.m in Sources */ = {isa = PBXBuildFile; fileRef = 7BC874A21DABE7A7000226B1 /* CollectionViewController.m */; };
		7BC874A71DABEEDD000226B1 /* push-down-icon.png in Resources */ = {isa = PBXBuildFile; fileRef = 7BC874A61DABEEDD000226B1 /* push-down-icon.png */; };
/* End PBXBuildFile section */

/* Begin PBXContainerItemProxy section */
		7B5FE3C41DA590DD00EAE150 /* PBXContainerItemProxy */ = {
			isa = PBXContainerItemProxy;
			containerPortal = 7B5FE3A21DA590DD00EAE150 /* Project object */;
			proxyType = 1;
			remoteGlobalIDString = 7B5FE3A91DA590DD00EAE150;
			remoteInfo = FlickrClient;
		};
		7B5FE3CF1DA590DD00EAE150 /* PBXContainerItemProxy */ = {
			isa = PBXContainerItemProxy;
			containerPortal = 7B5FE3A21DA590DD00EAE150 /* Project object */;
			proxyType = 1;
			remoteGlobalIDString = 7B5FE3A91DA590DD00EAE150;
			remoteInfo = FlickrClient;
		};
/* End PBXContainerItemProxy section */

/* Begin PBXCopyFilesBuildPhase section */
		7B346ED01DA955F50002E0BC /* Embed Frameworks */ = {
			isa = PBXCopyFilesBuildPhase;
			buildActionMask = 12;
			dstPath = "";
			dstSubfolderSpec = 10;
			files = (
			);
			name = "Embed Frameworks";
			runOnlyForDeploymentPostprocessing = 0;
		};
/* End PBXCopyFilesBuildPhase section */

/* Begin PBXFileReference section */
		7B5FE3AA1DA590DD00EAE150 /* FlickrClient.app */ = {isa = PBXFileReference; explicitFileType = wrapper.application; includeInIndex = 0; path = FlickrClient.app; sourceTree = BUILT_PRODUCTS_DIR; };
		7B5FE3AE1DA590DD00EAE150 /* main.m */ = {isa = PBXFileReference; lastKnownFileType = sourcecode.c.objc; path = main.m; sourceTree = "<group>"; };
		7B5FE3B01DA590DD00EAE150 /* AppDelegate.h */ = {isa = PBXFileReference; lastKnownFileType = sourcecode.c.h; path = AppDelegate.h; sourceTree = "<group>"; };
		7B5FE3B11DA590DD00EAE150 /* AppDelegate.m */ = {isa = PBXFileReference; lastKnownFileType = sourcecode.c.objc; path = AppDelegate.m; sourceTree = "<group>"; };
		7B5FE3B71DA590DD00EAE150 /* Base */ = {isa = PBXFileReference; lastKnownFileType = file.storyboard; name = Base; path = Base.lproj/Main.storyboard; sourceTree = "<group>"; };
		7B5FE3B91DA590DD00EAE150 /* Assets.xcassets */ = {isa = PBXFileReference; lastKnownFileType = folder.assetcatalog; path = Assets.xcassets; sourceTree = "<group>"; };
		7B5FE3BC1DA590DD00EAE150 /* Base */ = {isa = PBXFileReference; lastKnownFileType = file.storyboard; name = Base; path = Base.lproj/LaunchScreen.storyboard; sourceTree = "<group>"; };
		7B5FE3BE1DA590DD00EAE150 /* Info.plist */ = {isa = PBXFileReference; lastKnownFileType = text.plist.xml; path = Info.plist; sourceTree = "<group>"; };
		7B5FE3C31DA590DD00EAE150 /* FlickrClientTests.xctest */ = {isa = PBXFileReference; explicitFileType = wrapper.cfbundle; includeInIndex = 0; path = FlickrClientTests.xctest; sourceTree = BUILT_PRODUCTS_DIR; };
		7B5FE3C71DA590DD00EAE150 /* FlickrClientTests.m */ = {isa = PBXFileReference; lastKnownFileType = sourcecode.c.objc; path = FlickrClientTests.m; sourceTree = "<group>"; };
		7B5FE3C91DA590DD00EAE150 /* Info.plist */ = {isa = PBXFileReference; lastKnownFileType = text.plist.xml; path = Info.plist; sourceTree = "<group>"; };
		7B5FE3CE1DA590DD00EAE150 /* FlickrClientUITests.xctest */ = {isa = PBXFileReference; explicitFileType = wrapper.cfbundle; includeInIndex = 0; path = FlickrClientUITests.xctest; sourceTree = BUILT_PRODUCTS_DIR; };
		7B5FE3D21DA590DD00EAE150 /* FlickrClientUITests.m */ = {isa = PBXFileReference; lastKnownFileType = sourcecode.c.objc; path = FlickrClientUITests.m; sourceTree = "<group>"; };
		7B5FE3D41DA590DD00EAE150 /* Info.plist */ = {isa = PBXFileReference; lastKnownFileType = text.plist.xml; path = Info.plist; sourceTree = "<group>"; };
		7B5FE3E51DA5A3C700EAE150 /* Constants.h */ = {isa = PBXFileReference; fileEncoding = 4; lastKnownFileType = sourcecode.c.h; path = Constants.h; sourceTree = "<group>"; };
		7B5FE3F61DA6E8C500EAE150 /* CustomCell.m */ = {isa = PBXFileReference; fileEncoding = 4; lastKnownFileType = sourcecode.c.objc; path = CustomCell.m; sourceTree = "<group>"; };
		7B5FE3FA1DA712AB00EAE150 /* Content.h */ = {isa = PBXFileReference; fileEncoding = 4; lastKnownFileType = sourcecode.c.h; path = Content.h; sourceTree = "<group>"; };
		7B5FE3FB1DA712AB00EAE150 /* Content.m */ = {isa = PBXFileReference; fileEncoding = 4; lastKnownFileType = sourcecode.c.objc; path = Content.m; sourceTree = "<group>"; };
		7B5FE4041DA7958600EAE150 /* CustomReusableView.h */ = {isa = PBXFileReference; fileEncoding = 4; lastKnownFileType = sourcecode.c.h; path = CustomReusableView.h; sourceTree = "<group>"; };
		7B5FE4051DA7958600EAE150 /* CustomReusableView.m */ = {isa = PBXFileReference; fileEncoding = 4; lastKnownFileType = sourcecode.c.objc; path = CustomReusableView.m; sourceTree = "<group>"; };
		7B765D511DA8116B004CB149 /* DetailViewController.h */ = {isa = PBXFileReference; fileEncoding = 4; lastKnownFileType = sourcecode.c.h; path = DetailViewController.h; sourceTree = "<group>"; };
		7B765D521DA8116B004CB149 /* DetailViewController.m */ = {isa = PBXFileReference; fileEncoding = 4; lastKnownFileType = sourcecode.c.objc; path = DetailViewController.m; sourceTree = "<group>"; };
		7BBEFB7A1DA9A308006D1C1C /* LFHTTPRequest.h */ = {isa = PBXFileReference; fileEncoding = 4; lastKnownFileType = sourcecode.c.h; path = LFHTTPRequest.h; sourceTree = "<group>"; };
		7BBEFB7B1DA9A308006D1C1C /* LFHTTPRequest.m */ = {isa = PBXFileReference; fileEncoding = 4; lastKnownFileType = sourcecode.c.objc; path = LFHTTPRequest.m; sourceTree = "<group>"; };
		7BBEFB7C1DA9A308006D1C1C /* LFSiteReachability.h */ = {isa = PBXFileReference; fileEncoding = 4; lastKnownFileType = sourcecode.c.h; path = LFSiteReachability.h; sourceTree = "<group>"; };
		7BBEFB7D1DA9A308006D1C1C /* LFSiteReachability.m */ = {isa = PBXFileReference; fileEncoding = 4; lastKnownFileType = sourcecode.c.objc; path = LFSiteReachability.m; sourceTree = "<group>"; };
		7BBEFB7E1DA9A308006D1C1C /* LFWebAPIKit.h */ = {isa = PBXFileReference; fileEncoding = 4; lastKnownFileType = sourcecode.c.h; path = LFWebAPIKit.h; sourceTree = "<group>"; };
		7BBEFB7F1DA9A308006D1C1C /* NSData+LFHTTPFormExtensions.h */ = {isa = PBXFileReference; fileEncoding = 4; lastKnownFileType = sourcecode.c.h; path = "NSData+LFHTTPFormExtensions.h"; sourceTree = "<group>"; };
		7BBEFB801DA9A308006D1C1C /* NSData+LFHTTPFormExtensions.m */ = {isa = PBXFileReference; fileEncoding = 4; lastKnownFileType = sourcecode.c.objc; path = "NSData+LFHTTPFormExtensions.m"; sourceTree = "<group>"; };
		7BBEFB811DA9A308006D1C1C /* ObjectiveFlickr.h */ = {isa = PBXFileReference; fileEncoding = 4; lastKnownFileType = sourcecode.c.h; path = ObjectiveFlickr.h; sourceTree = "<group>"; };
		7BBEFB821DA9A308006D1C1C /* ObjectiveFlickr.m */ = {isa = PBXFileReference; fileEncoding = 4; lastKnownFileType = sourcecode.c.objc; path = ObjectiveFlickr.m; sourceTree = "<group>"; };
		7BBEFB831DA9A308006D1C1C /* OFUtilities.h */ = {isa = PBXFileReference; fileEncoding = 4; lastKnownFileType = sourcecode.c.h; path = OFUtilities.h; sourceTree = "<group>"; };
		7BBEFB841DA9A308006D1C1C /* OFUtilities.m */ = {isa = PBXFileReference; fileEncoding = 4; lastKnownFileType = sourcecode.c.objc; path = OFUtilities.m; sourceTree = "<group>"; };
		7BBEFB851DA9A308006D1C1C /* OFXMLMapper.h */ = {isa = PBXFileReference; fileEncoding = 4; lastKnownFileType = sourcecode.c.h; path = OFXMLMapper.h; sourceTree = "<group>"; };
		7BBEFB861DA9A308006D1C1C /* OFXMLMapper.m */ = {isa = PBXFileReference; fileEncoding = 4; lastKnownFileType = sourcecode.c.objc; path = OFXMLMapper.m; sourceTree = "<group>"; };
		7BC874A01DABE725000226B1 /* CustomCell.h */ = {isa = PBXFileReference; fileEncoding = 4; lastKnownFileType = sourcecode.c.h; path = CustomCell.h; sourceTree = "<group>"; };
		7BC874A11DABE7A7000226B1 /* CollectionViewController.h */ = {isa = PBXFileReference; fileEncoding = 4; lastKnownFileType = sourcecode.c.h; path = CollectionViewController.h; sourceTree = "<group>"; };
		7BC874A21DABE7A7000226B1 /* CollectionViewController.m */ = {isa = PBXFileReference; fileEncoding = 4; lastKnownFileType = sourcecode.c.objc; path = CollectionViewController.m; sourceTree = "<group>"; };
		7BC874A61DABEEDD000226B1 /* push-down-icon.png */ = {isa = PBXFileReference; lastKnownFileType = image.png; path = "push-down-icon.png"; sourceTree = "<group>"; };
/* End PBXFileReference section */

/* Begin PBXFrameworksBuildPhase section */
		7B5FE3A71DA590DD00EAE150 /* Frameworks */ = {
			isa = PBXFrameworksBuildPhase;
			buildActionMask = 2147483647;
			files = (
			);
			runOnlyForDeploymentPostprocessing = 0;
		};
		7B5FE3C01DA590DD00EAE150 /* Frameworks */ = {
			isa = PBXFrameworksBuildPhase;
			buildActionMask = 2147483647;
			files = (
			);
			runOnlyForDeploymentPostprocessing = 0;
		};
		7B5FE3CB1DA590DD00EAE150 /* Frameworks */ = {
			isa = PBXFrameworksBuildPhase;
			buildActionMask = 2147483647;
			files = (
			);
			runOnlyForDeploymentPostprocessing = 0;
		};
/* End PBXFrameworksBuildPhase section */

/* Begin PBXGroup section */
		7B5FE3A11DA590DD00EAE150 = {
			isa = PBXGroup;
			children = (
				7B5FE3AC1DA590DD00EAE150 /* FlickrClient */,
				7B5FE3C61DA590DD00EAE150 /* FlickrClientTests */,
				7B5FE3D11DA590DD00EAE150 /* FlickrClientUITests */,
				7B5FE3AB1DA590DD00EAE150 /* Products */,
			);
			sourceTree = "<group>";
		};
		7B5FE3AB1DA590DD00EAE150 /* Products */ = {
			isa = PBXGroup;
			children = (
				7B5FE3AA1DA590DD00EAE150 /* FlickrClient.app */,
				7B5FE3C31DA590DD00EAE150 /* FlickrClientTests.xctest */,
				7B5FE3CE1DA590DD00EAE150 /* FlickrClientUITests.xctest */,
			);
			name = Products;
			sourceTree = "<group>";
		};
		7B5FE3AC1DA590DD00EAE150 /* FlickrClient */ = {
			isa = PBXGroup;
			children = (
				7B5FE3B01DA590DD00EAE150 /* AppDelegate.h */,
				7B5FE3B11DA590DD00EAE150 /* AppDelegate.m */,
				7BC874A11DABE7A7000226B1 /* CollectionViewController.h */,
				7BC874A21DABE7A7000226B1 /* CollectionViewController.m */,
				7B765D511DA8116B004CB149 /* DetailViewController.h */,
				7B765D521DA8116B004CB149 /* DetailViewController.m */,
				7B5FE3EA1DA5A3D200EAE150 /* util */,
				7B5FE3B61DA590DD00EAE150 /* Main.storyboard */,
				7B5FE3B91DA590DD00EAE150 /* Assets.xcassets */,
				7B5FE3BB1DA590DD00EAE150 /* LaunchScreen.storyboard */,
				7B5FE3BE1DA590DD00EAE150 /* Info.plist */,
				7B5FE3AD1DA590DD00EAE150 /* Supporting Files */,
			);
			path = FlickrClient;
			sourceTree = "<group>";
		};
		7B5FE3AD1DA590DD00EAE150 /* Supporting Files */ = {
			isa = PBXGroup;
			children = (
				7BC874A51DABEEC3000226B1 /* img */,
				7B765D4C1DA7FA3F004CB149 /* objectiveflickr */,
				7B5FE3AE1DA590DD00EAE150 /* main.m */,
			);
			name = "Supporting Files";
			sourceTree = "<group>";
		};
		7B5FE3C61DA590DD00EAE150 /* FlickrClientTests */ = {
			isa = PBXGroup;
			children = (
				7B5FE3C71DA590DD00EAE150 /* FlickrClientTests.m */,
				7B5FE3C91DA590DD00EAE150 /* Info.plist */,
			);
			path = FlickrClientTests;
			sourceTree = "<group>";
		};
		7B5FE3D11DA590DD00EAE150 /* FlickrClientUITests */ = {
			isa = PBXGroup;
			children = (
				7B5FE3D21DA590DD00EAE150 /* FlickrClientUITests.m */,
				7B5FE3D41DA590DD00EAE150 /* Info.plist */,
			);
			path = FlickrClientUITests;
			sourceTree = "<group>";
		};
		7B5FE3EA1DA5A3D200EAE150 /* util */ = {
			isa = PBXGroup;
			children = (
				7B5FE3E51DA5A3C700EAE150 /* Constants.h */,
				7BC874A01DABE725000226B1 /* CustomCell.h */,
				7B5FE3F61DA6E8C500EAE150 /* CustomCell.m */,
				7B5FE3FA1DA712AB00EAE150 /* Content.h */,
				7B5FE3FB1DA712AB00EAE150 /* Content.m */,
				7B5FE4041DA7958600EAE150 /* CustomReusableView.h */,
				7B5FE4051DA7958600EAE150 /* CustomReusableView.m */,
			);
			name = util;
			sourceTree = "<group>";
		};
		7B765D4C1DA7FA3F004CB149 /* objectiveflickr */ = {
			isa = PBXGroup;
			children = (
				7BBEFB7A1DA9A308006D1C1C /* LFHTTPRequest.h */,
				7BBEFB7B1DA9A308006D1C1C /* LFHTTPRequest.m */,
				7BBEFB7C1DA9A308006D1C1C /* LFSiteReachability.h */,
				7BBEFB7D1DA9A308006D1C1C /* LFSiteReachability.m */,
				7BBEFB7E1DA9A308006D1C1C /* LFWebAPIKit.h */,
				7BBEFB7F1DA9A308006D1C1C /* NSData+LFHTTPFormExtensions.h */,
				7BBEFB801DA9A308006D1C1C /* NSData+LFHTTPFormExtensions.m */,
				7BBEFB811DA9A308006D1C1C /* ObjectiveFlickr.h */,
				7BBEFB821DA9A308006D1C1C /* ObjectiveFlickr.m */,
				7BBEFB831DA9A308006D1C1C /* OFUtilities.h */,
				7BBEFB841DA9A308006D1C1C /* OFUtilities.m */,
				7BBEFB851DA9A308006D1C1C /* OFXMLMapper.h */,
				7BBEFB861DA9A308006D1C1C /* OFXMLMapper.m */,
			);
			name = objectiveflickr;
			sourceTree = "<group>";
		};
		7BC874A51DABEEC3000226B1 /* img */ = {
			isa = PBXGroup;
			children = (
				7BC874A61DABEEDD000226B1 /* push-down-icon.png */,
			);
			name = img;
			sourceTree = "<group>";
		};
/* End PBXGroup section */

/* Begin PBXNativeTarget section */
		7B5FE3A91DA590DD00EAE150 /* FlickrClient */ = {
			isa = PBXNativeTarget;
			buildConfigurationList = 7B5FE3D71DA590DD00EAE150 /* Build configuration list for PBXNativeTarget "FlickrClient" */;
			buildPhases = (
				7B5FE3A61DA590DD00EAE150 /* Sources */,
				7B5FE3A71DA590DD00EAE150 /* Frameworks */,
				7B5FE3A81DA590DD00EAE150 /* Resources */,
				7B346ED01DA955F50002E0BC /* Embed Frameworks */,
			);
			buildRules = (
			);
			dependencies = (
			);
			name = FlickrClient;
			productName = FlickrClient;
			productReference = 7B5FE3AA1DA590DD00EAE150 /* FlickrClient.app */;
			productType = "com.apple.product-type.application";
		};
		7B5FE3C21DA590DD00EAE150 /* FlickrClientTests */ = {
			isa = PBXNativeTarget;
			buildConfigurationList = 7B5FE3DA1DA590DD00EAE150 /* Build configuration list for PBXNativeTarget "FlickrClientTests" */;
			buildPhases = (
				7B5FE3BF1DA590DD00EAE150 /* Sources */,
				7B5FE3C01DA590DD00EAE150 /* Frameworks */,
				7B5FE3C11DA590DD00EAE150 /* Resources */,
			);
			buildRules = (
			);
			dependencies = (
				7B5FE3C51DA590DD00EAE150 /* PBXTargetDependency */,
			);
			name = FlickrClientTests;
			productName = FlickrClientTests;
			productReference = 7B5FE3C31DA590DD00EAE150 /* FlickrClientTests.xctest */;
			productType = "com.apple.product-type.bundle.unit-test";
		};
		7B5FE3CD1DA590DD00EAE150 /* FlickrClientUITests */ = {
			isa = PBXNativeTarget;
			buildConfigurationList = 7B5FE3DD1DA590DD00EAE150 /* Build configuration list for PBXNativeTarget "FlickrClientUITests" */;
			buildPhases = (
				7B5FE3CA1DA590DD00EAE150 /* Sources */,
				7B5FE3CB1DA590DD00EAE150 /* Frameworks */,
				7B5FE3CC1DA590DD00EAE150 /* Resources */,
			);
			buildRules = (
			);
			dependencies = (
				7B5FE3D01DA590DD00EAE150 /* PBXTargetDependency */,
			);
			name = FlickrClientUITests;
			productName = FlickrClientUITests;
			productReference = 7B5FE3CE1DA590DD00EAE150 /* FlickrClientUITests.xctest */;
			productType = "com.apple.product-type.bundle.ui-testing";
		};
/* End PBXNativeTarget section */

/* Begin PBXProject section */
		7B5FE3A21DA590DD00EAE150 /* Project object */ = {
			isa = PBXProject;
			attributes = {
				LastUpgradeCheck = 0730;
				ORGANIZATIONNAME = "nex sn";
				TargetAttributes = {
					7B5FE3A91DA590DD00EAE150 = {
						CreatedOnToolsVersion = 7.3.1;
						DevelopmentTeam = 52X6NTR83E;
					};
					7B5FE3C21DA590DD00EAE150 = {
						CreatedOnToolsVersion = 7.3.1;
						TestTargetID = 7B5FE3A91DA590DD00EAE150;
					};
					7B5FE3CD1DA590DD00EAE150 = {
						CreatedOnToolsVersion = 7.3.1;
						TestTargetID = 7B5FE3A91DA590DD00EAE150;
					};
				};
			};
			buildConfigurationList = 7B5FE3A51DA590DD00EAE150 /* Build configuration list for PBXProject "FlickrClient" */;
			compatibilityVersion = "Xcode 3.2";
			developmentRegion = English;
			hasScannedForEncodings = 0;
			knownRegions = (
				en,
				Base,
				English,
			);
			mainGroup = 7B5FE3A11DA590DD00EAE150;
			productRefGroup = 7B5FE3AB1DA590DD00EAE150 /* Products */;
			projectDirPath = "";
			projectRoot = "";
			targets = (
				7B5FE3A91DA590DD00EAE150 /* FlickrClient */,
				7B5FE3C21DA590DD00EAE150 /* FlickrClientTests */,
				7B5FE3CD1DA590DD00EAE150 /* FlickrClientUITests */,
			);
		};
/* End PBXProject section */

/* Begin PBXResourcesBuildPhase section */
		7B5FE3A81DA590DD00EAE150 /* Resources */ = {
			isa = PBXResourcesBuildPhase;
			buildActionMask = 2147483647;
			files = (
				7BC874A71DABEEDD000226B1 /* push-down-icon.png in Resources */,
				7B5FE3BD1DA590DD00EAE150 /* LaunchScreen.storyboard in Resources */,
				7B5FE3BA1DA590DD00EAE150 /* Assets.xcassets in Resources */,
				7B5FE3B81DA590DD00EAE150 /* Main.storyboard in Resources */,
			);
			runOnlyForDeploymentPostprocessing = 0;
		};
		7B5FE3C11DA590DD00EAE150 /* Resources */ = {
			isa = PBXResourcesBuildPhase;
			buildActionMask = 2147483647;
			files = (
			);
			runOnlyForDeploymentPostprocessing = 0;
		};
		7B5FE3CC1DA590DD00EAE150 /* Resources */ = {
			isa = PBXResourcesBuildPhase;
			buildActionMask = 2147483647;
			files = (
			);
			runOnlyForDeploymentPostprocessing = 0;
		};
/* End PBXResourcesBuildPhase section */

/* Begin PBXSourcesBuildPhase section */
		7B5FE3A61DA590DD00EAE150 /* Sources */ = {
			isa = PBXSourcesBuildPhase;
			buildActionMask = 2147483647;
			files = (
				7BBEFB8D1DA9A308006D1C1C /* NSData+LFHTTPFormExtensions.m in Sources */,
				7BBEFB931DA9A308006D1C1C /* OFUtilities.m in Sources */,
				7B5FE4061DA7958600EAE150 /* CustomReusableView.m in Sources */,
				7BBEFB901DA9A308006D1C1C /* ObjectiveFlickr.m in Sources */,
				7B765D531DA8116B004CB149 /* DetailViewController.m in Sources */,
				7B5FE3B21DA590DD00EAE150 /* AppDelegate.m in Sources */,
				7BBEFB961DA9A308006D1C1C /* OFXMLMapper.m in Sources */,
				7B5FE3F71DA6E8C500EAE150 /* CustomCell.m in Sources */,
				7BC874A31DABE7A7000226B1 /* CollectionViewController.m in Sources */,
				7BBEFB8A1DA9A308006D1C1C /* LFSiteReachability.m in Sources */,
				7B5FE3AF1DA590DD00EAE150 /* main.m in Sources */,
				7B5FE3FC1DA712AB00EAE150 /* Content.m in Sources */,
				7BBEFB871DA9A308006D1C1C /* LFHTTPRequest.m in Sources */,
			);
			runOnlyForDeploymentPostprocessing = 0;
		};
		7B5FE3BF1DA590DD00EAE150 /* Sources */ = {
			isa = PBXSourcesBuildPhase;
			buildActionMask = 2147483647;
			files = (
				7BBEFB8E1DA9A308006D1C1C /* NSData+LFHTTPFormExtensions.m in Sources */,
				7BBEFB911DA9A308006D1C1C /* ObjectiveFlickr.m in Sources */,
				7B5FE4071DA7958600EAE150 /* CustomReusableView.m in Sources */,
				7B5FE3FD1DA712AB00EAE150 /* Content.m in Sources */,
				7B765D541DA8116B004CB149 /* DetailViewController.m in Sources */,
				7B5FE3C81DA590DD00EAE150 /* FlickrClientTests.m in Sources */,
				7BBEFB941DA9A308006D1C1C /* OFUtilities.m in Sources */,
				7BBEFB881DA9A308006D1C1C /* LFHTTPRequest.m in Sources */,
				7BBEFB971DA9A308006D1C1C /* OFXMLMapper.m in Sources */,
				7BBEFB8B1DA9A308006D1C1C /* LFSiteReachability.m in Sources */,
				7B5FE3F81DA6E8C500EAE150 /* CustomCell.m in Sources */,
			);
			runOnlyForDeploymentPostprocessing = 0;
		};
		7B5FE3CA1DA590DD00EAE150 /* Sources */ = {
			isa = PBXSourcesBuildPhase;
			buildActionMask = 2147483647;
			files = (
				7BBEFB8F1DA9A308006D1C1C /* NSData+LFHTTPFormExtensions.m in Sources */,
				7BBEFB921DA9A308006D1C1C /* ObjectiveFlickr.m in Sources */,
				7B5FE4081DA7958600EAE150 /* CustomReusableView.m in Sources */,
				7B5FE3FE1DA712AB00EAE150 /* Content.m in Sources */,
				7B765D551DA8116B004CB149 /* DetailViewController.m in Sources */,
				7B5FE3D31DA590DD00EAE150 /* FlickrClientUITests.m in Sources */,
				7BBEFB951DA9A308006D1C1C /* OFUtilities.m in Sources */,
				7BBEFB891DA9A308006D1C1C /* LFHTTPRequest.m in Sources */,
				7BBEFB981DA9A308006D1C1C /* OFXMLMapper.m in Sources */,
				7BBEFB8C1DA9A308006D1C1C /* LFSiteReachability.m in Sources */,
				7B5FE3F91DA6E8C500EAE150 /* CustomCell.m in Sources */,
			);
			runOnlyForDeploymentPostprocessing = 0;
		};
/* End PBXSourcesBuildPhase section */

/* Begin PBXTargetDependency section */
		7B5FE3C51DA590DD00EAE150 /* PBXTargetDependency */ = {
			isa = PBXTargetDependency;
			target = 7B5FE3A91DA590DD00EAE150 /* FlickrClient */;
			targetProxy = 7B5FE3C41DA590DD00EAE150 /* PBXContainerItemProxy */;
		};
		7B5FE3D01DA590DD00EAE150 /* PBXTargetDependency */ = {
			isa = PBXTargetDependency;
			target = 7B5FE3A91DA590DD00EAE150 /* FlickrClient */;
			targetProxy = 7B5FE3CF1DA590DD00EAE150 /* PBXContainerItemProxy */;
		};
/* End PBXTargetDependency section */

/* Begin PBXVariantGroup section */
		7B5FE3B61DA590DD00EAE150 /* Main.storyboard */ = {
			isa = PBXVariantGroup;
			children = (
				7B5FE3B71DA590DD00EAE150 /* Base */,
			);
			name = Main.storyboard;
			sourceTree = "<group>";
		};
		7B5FE3BB1DA590DD00EAE150 /* LaunchScreen.storyboard */ = {
			isa = PBXVariantGroup;
			children = (
				7B5FE3BC1DA590DD00EAE150 /* Base */,
			);
			name = LaunchScreen.storyboard;
			sourceTree = "<group>";
		};
/* End PBXVariantGroup section */

/* Begin XCBuildConfiguration section */
		7B5FE3D51DA590DD00EAE150 /* Debug */ = {
			isa = XCBuildConfiguration;
			buildSettings = {
				ALWAYS_SEARCH_USER_PATHS = NO;
				CLANG_ANALYZER_NONNULL = YES;
				CLANG_CXX_LANGUAGE_STANDARD = "gnu++0x";
				CLANG_CXX_LIBRARY = "libc++";
				CLANG_ENABLE_MODULES = YES;
				CLANG_ENABLE_OBJC_ARC = YES;
				CLANG_WARN_BOOL_CONVERSION = YES;
				CLANG_WARN_CONSTANT_CONVERSION = YES;
				CLANG_WARN_DIRECT_OBJC_ISA_USAGE = YES_ERROR;
				CLANG_WARN_EMPTY_BODY = YES;
				CLANG_WARN_ENUM_CONVERSION = YES;
				CLANG_WARN_INT_CONVERSION = YES;
				CLANG_WARN_OBJC_ROOT_CLASS = YES_ERROR;
				CLANG_WARN_UNREACHABLE_CODE = YES;
				CLANG_WARN__DUPLICATE_METHOD_MATCH = YES;
				CODE_SIGN_IDENTITY = "iPhone Developer: Nebyate Endalamaw (6PRFG53Y2F)";
				"CODE_SIGN_IDENTITY[sdk=iphoneos*]" = "iPhone Developer: Nebyate Endalamaw (6PRFG53Y2F)";
				COPY_PHASE_STRIP = NO;
				DEBUG_INFORMATION_FORMAT = dwarf;
				ENABLE_STRICT_OBJC_MSGSEND = YES;
				ENABLE_TESTABILITY = YES;
				GCC_C_LANGUAGE_STANDARD = gnu99;
				GCC_DYNAMIC_NO_PIC = NO;
				GCC_NO_COMMON_BLOCKS = YES;
				GCC_OPTIMIZATION_LEVEL = 0;
				GCC_PREPROCESSOR_DEFINITIONS = (
					"DEBUG=1",
					"$(inherited)",
				);
				GCC_WARN_64_TO_32_BIT_CONVERSION = YES;
				GCC_WARN_ABOUT_RETURN_TYPE = YES_ERROR;
				GCC_WARN_UNDECLARED_SELECTOR = YES;
				GCC_WARN_UNINITIALIZED_AUTOS = YES_AGGRESSIVE;
				GCC_WARN_UNUSED_FUNCTION = YES;
				GCC_WARN_UNUSED_VARIABLE = YES;
				IPHONEOS_DEPLOYMENT_TARGET = 9.3;
				MTL_ENABLE_DEBUG_INFO = YES;
				ONLY_ACTIVE_ARCH = YES;
				SDKROOT = iphoneos;
			};
			name = Debug;
		};
		7B5FE3D61DA590DD00EAE150 /* Release */ = {
			isa = XCBuildConfiguration;
			buildSettings = {
				ALWAYS_SEARCH_USER_PATHS = NO;
				CLANG_ANALYZER_NONNULL = YES;
				CLANG_CXX_LANGUAGE_STANDARD = "gnu++0x";
				CLANG_CXX_LIBRARY = "libc++";
				CLANG_ENABLE_MODULES = YES;
				CLANG_ENABLE_OBJC_ARC = YES;
				CLANG_WARN_BOOL_CONVERSION = YES;
				CLANG_WARN_CONSTANT_CONVERSION = YES;
				CLANG_WARN_DIRECT_OBJC_ISA_USAGE = YES_ERROR;
				CLANG_WARN_EMPTY_BODY = YES;
				CLANG_WARN_ENUM_CONVERSION = YES;
				CLANG_WARN_INT_CONVERSION = YES;
				CLANG_WARN_OBJC_ROOT_CLASS = YES_ERROR;
				CLANG_WARN_UNREACHABLE_CODE = YES;
				CLANG_WARN__DUPLICATE_METHOD_MATCH = YES;
				CODE_SIGN_IDENTITY = "iPhone Distribution: Nebyate Endalamaw (52X6NTR83E)";
				"CODE_SIGN_IDENTITY[sdk=iphoneos*]" = "iPhone Distribution: Nebyate Endalamaw (52X6NTR83E)";
				COPY_PHASE_STRIP = NO;
				DEBUG_INFORMATION_FORMAT = "dwarf-with-dsym";
				ENABLE_NS_ASSERTIONS = NO;
				ENABLE_STRICT_OBJC_MSGSEND = YES;
				GCC_C_LANGUAGE_STANDARD = gnu99;
				GCC_NO_COMMON_BLOCKS = YES;
				GCC_WARN_64_TO_32_BIT_CONVERSION = YES;
				GCC_WARN_ABOUT_RETURN_TYPE = YES_ERROR;
				GCC_WARN_UNDECLARED_SELECTOR = YES;
				GCC_WARN_UNINITIALIZED_AUTOS = YES_AGGRESSIVE;
				GCC_WARN_UNUSED_FUNCTION = YES;
				GCC_WARN_UNUSED_VARIABLE = YES;
				IPHONEOS_DEPLOYMENT_TARGET = 9.3;
				MTL_ENABLE_DEBUG_INFO = NO;
				SDKROOT = iphoneos;
				VALIDATE_PRODUCT = YES;
			};
			name = Release;
		};
		7B5FE3D81DA590DD00EAE150 /* Debug */ = {
			isa = XCBuildConfiguration;
			buildSettings = {
				ASSETCATALOG_COMPILER_APPICON_NAME = AppIcon;
				CODE_SIGN_IDENTITY = "iPhone Developer";
				"CODE_SIGN_IDENTITY[sdk=iphoneos*]" = "iPhone Developer";
				FRAMEWORK_SEARCH_PATHS = (
					"$(inherited)",
					"$(PROJECT_DIR)/FlickrClient",
				);
				INFOPLIST_FILE = FlickrClient/Info.plist;
				LD_RUNPATH_SEARCH_PATHS = "$(inherited) @executable_path/Frameworks";
				LIBRARY_SEARCH_PATHS = (
					"$(inherited)",
					"$(PROJECT_DIR)/FlickrClient",
				);
				PRODUCT_BUNDLE_IDENTIFIER = nsn.FlickrClient;
				PRODUCT_NAME = "$(TARGET_NAME)";
				PROVISIONING_PROFILE = "";
			};
			name = Debug;
		};
		7B5FE3D91DA590DD00EAE150 /* Release */ = {
			isa = XCBuildConfiguration;
			buildSettings = {
				ASSETCATALOG_COMPILER_APPICON_NAME = AppIcon;
				CODE_SIGN_IDENTITY = "iPhone Developer";
				"CODE_SIGN_IDENTITY[sdk=iphoneos*]" = "iPhone Developer";
				FRAMEWORK_SEARCH_PATHS = (
					"$(inherited)",
					"$(PROJECT_DIR)/FlickrClient",
				);
				INFOPLIST_FILE = FlickrClient/Info.plist;
				LD_RUNPATH_SEARCH_PATHS = "$(inherited) @executable_path/Frameworks";
				LIBRARY_SEARCH_PATHS = (
					"$(inherited)",
					"$(PROJECT_DIR)/FlickrClient",
				);
				PRODUCT_BUNDLE_IDENTIFIER = nsn.FlickrClient;
				PRODUCT_NAME = "$(TARGET_NAME)";
				PROVISIONING_PROFILE = "";
			};
			name = Release;
		};
		7B5FE3DB1DA590DD00EAE150 /* Debug */ = {
			isa = XCBuildConfiguration;
			buildSettings = {
				BUNDLE_LOADER = "$(TEST_HOST)";
				INFOPLIST_FILE = FlickrClientTests/Info.plist;
				LD_RUNPATH_SEARCH_PATHS = "$(inherited) @executable_path/Frameworks @loader_path/Frameworks";
				PRODUCT_BUNDLE_IDENTIFIER = nsn.FlickrClientTests;
				PRODUCT_NAME = "$(TARGET_NAME)";
				TEST_HOST = "$(BUILT_PRODUCTS_DIR)/FlickrClient.app/FlickrClient";
			};
			name = Debug;
		};
		7B5FE3DC1DA590DD00EAE150 /* Release */ = {
			isa = XCBuildConfiguration;
			buildSettings = {
				BUNDLE_LOADER = "$(TEST_HOST)";
				INFOPLIST_FILE = FlickrClientTests/Info.plist;
				LD_RUNPATH_SEARCH_PATHS = "$(inherited) @executable_path/Frameworks @loader_path/Frameworks";
				PRODUCT_BUNDLE_IDENTIFIER = nsn.FlickrClientTests;
				PRODUCT_NAME = "$(TARGET_NAME)";
				TEST_HOST = "$(BUILT_PRODUCTS_DIR)/FlickrClient.app/FlickrClient";
			};
			name = Release;
		};
		7B5FE3DE1DA590DD00EAE150 /* Debug */ = {
			isa = XCBuildConfiguration;
			buildSettings = {
				INFOPLIST_FILE = FlickrClientUITests/Info.plist;
				LD_RUNPATH_SEARCH_PATHS = "$(inherited) @executable_path/Frameworks @loader_path/Frameworks";
				PRODUCT_BUNDLE_IDENTIFIER = nsn.FlickrClientUITests;
				PRODUCT_NAME = "$(TARGET_NAME)";
				TEST_TARGET_NAME = FlickrClient;
			};
			name = Debug;
		};
		7B5FE3DF1DA590DD00EAE150 /* Release */ = {
			isa = XCBuildConfiguration;
			buildSettings = {
				INFOPLIST_FILE = FlickrClientUITests/Info.plist;
				LD_RUNPATH_SEARCH_PATHS = "$(inherited) @executable_path/Frameworks @loader_path/Frameworks";
				PRODUCT_BUNDLE_IDENTIFIER = nsn.FlickrClientUITests;
				PRODUCT_NAME = "$(TARGET_NAME)";
				TEST_TARGET_NAME = FlickrClient;
			};
			name = Release;
		};
/* End XCBuildConfiguration section */

/* Begin XCConfigurationList section */
		7B5FE3A51DA590DD00EAE150 /* Build configuration list for PBXProject "FlickrClient" */ = {
			isa = XCConfigurationList;
			buildConfigurations = (
				7B5FE3D51DA590DD00EAE150 /* Debug */,
				7B5FE3D61DA590DD00EAE150 /* Release */,
			);
			defaultConfigurationIsVisible = 0;
			defaultConfigurationName = Release;
		};
		7B5FE3D71DA590DD00EAE150 /* Build configuration list for PBXNativeTarget "FlickrClient" */ = {
			isa = XCConfigurationList;
			buildConfigurations = (
				7B5FE3D81DA590DD00EAE150 /* Debug */,
				7B5FE3D91DA590DD00EAE150 /* Release */,
			);
			defaultConfigurationIsVisible = 0;
			defaultConfigurationName = Release;
		};
		7B5FE3DA1DA590DD00EAE150 /* Build configuration list for PBXNativeTarget "FlickrClientTests" */ = {
			isa = XCConfigurationList;
			buildConfigurations = (
				7B5FE3DB1DA590DD00EAE150 /* Debug */,
				7B5FE3DC1DA590DD00EAE150 /* Release */,
			);
			defaultConfigurationIsVisible = 0;
			defaultConfigurationName = Release;
		};
		7B5FE3DD1DA590DD00EAE150 /* Build configuration list for PBXNativeTarget "FlickrClientUITests" */ = {
			isa = XCConfigurationList;
			buildConfigurations = (
				7B5FE3DE1DA590DD00EAE150 /* Debug */,
				7B5FE3DF1DA590DD00EAE150 /* Release */,
			);
			defaultConfigurationIsVisible = 0;
			defaultConfigurationName = Release;
		};
/* End XCConfigurationList section */
	};
	rootObject = 7B5FE3A21DA590DD00EAE150 /* Project object */;
}
